// !$*UTF8*$!
{
	archiveVersion = 1;
	classes = {
	};
	objectVersion = 55;
	objects = {

/* Begin PBXBuildFile section */
		EE153BDA2923BF380032F28F /* jump.mp3 in Resources */ = {isa = PBXBuildFile; fileRef = EE153BD92923BF380032F28F /* jump.mp3 */; };
		EE2FB13C291DB2A10021080D /* HunterNode.swift in Sources */ = {isa = PBXBuildFile; fileRef = EE2FB13B291DB2A10021080D /* HunterNode.swift */; };
		EE310FE3291C1E7C00013FAB /* PhysicsCategory.swift in Sources */ = {isa = PBXBuildFile; fileRef = EE310FE2291C1E7C00013FAB /* PhysicsCategory.swift */; };
		EE336F27291FD4C9003DD138 /* Assets.xcassets in Resources */ = {isa = PBXBuildFile; fileRef = EE336F25291FD4C9003DD138 /* Assets.xcassets */; };
		EE33A20A291D897A005AEAE1 /* shurikenSwing.wav in Resources */ = {isa = PBXBuildFile; fileRef = EE33A209291D897A005AEAE1 /* shurikenSwing.wav */; };
		EE52889A2915176800B41CAF /* AppDelegate.swift in Sources */ = {isa = PBXBuildFile; fileRef = EE5288992915176800B41CAF /* AppDelegate.swift */; };
		EE52889C2915176800B41CAF /* SceneDelegate.swift in Sources */ = {isa = PBXBuildFile; fileRef = EE52889B2915176800B41CAF /* SceneDelegate.swift */; };
		EE52889E2915176800B41CAF /* StartViewController.swift in Sources */ = {isa = PBXBuildFile; fileRef = EE52889D2915176800B41CAF /* StartViewController.swift */; };
		EE5288A12915176800B41CAF /* Main.storyboard in Resources */ = {isa = PBXBuildFile; fileRef = EE52889F2915176800B41CAF /* Main.storyboard */; };
		EE5288A32915176D00B41CAF /* Assets.xcassets in Resources */ = {isa = PBXBuildFile; fileRef = EE5288A22915176D00B41CAF /* Assets.xcassets */; };
		EE5288A62915176D00B41CAF /* LaunchScreen.storyboard in Resources */ = {isa = PBXBuildFile; fileRef = EE5288A42915176D00B41CAF /* LaunchScreen.storyboard */; };
		EE5288AE29151C5300B41CAF /* GameScene.swift in Sources */ = {isa = PBXBuildFile; fileRef = EE5288AD29151C5300B41CAF /* GameScene.swift */; };
		EE791649291DE8E60086DA8E /* BackgroundNode.swift in Sources */ = {isa = PBXBuildFile; fileRef = EE791648291DE8E60086DA8E /* BackgroundNode.swift */; };
		EE9F6BCA291B0D0700566F0C /* PlayerNode.swift in Sources */ = {isa = PBXBuildFile; fileRef = EE9F6BC9291B0D0700566F0C /* PlayerNode.swift */; };
		EE9F6BCD291B265C00566F0C /* mainTheme.mp3 in Resources */ = {isa = PBXBuildFile; fileRef = EE9F6BCC291B265C00566F0C /* mainTheme.mp3 */; };
		EEC8D6C42915398800E588F3 /* GameViewController.swift in Sources */ = {isa = PBXBuildFile; fileRef = EEC8D6C32915398800E588F3 /* GameViewController.swift */; };
/* End PBXBuildFile section */

/* Begin PBXFileReference section */
		EE153BD92923BF380032F28F /* jump.mp3 */ = {isa = PBXFileReference; lastKnownFileType = audio.mp3; path = jump.mp3; sourceTree = "<group>"; };
		EE2FB13B291DB2A10021080D /* HunterNode.swift */ = {isa = PBXFileReference; lastKnownFileType = sourcecode.swift; path = HunterNode.swift; sourceTree = "<group>"; };
		EE310FE2291C1E7C00013FAB /* PhysicsCategory.swift */ = {isa = PBXFileReference; lastKnownFileType = sourcecode.swift; path = PhysicsCategory.swift; sourceTree = "<group>"; };
		EE336F25291FD4C9003DD138 /* Assets.xcassets */ = {isa = PBXFileReference; lastKnownFileType = folder.assetcatalog; path = Assets.xcassets; sourceTree = "<group>"; };
		EE33A209291D897A005AEAE1 /* shurikenSwing.wav */ = {isa = PBXFileReference; lastKnownFileType = audio.wav; path = shurikenSwing.wav; sourceTree = "<group>"; };
		EE5288962915176800B41CAF /* Game1.app */ = {isa = PBXFileReference; explicitFileType = wrapper.application; includeInIndex = 0; path = Game1.app; sourceTree = BUILT_PRODUCTS_DIR; };
		EE5288992915176800B41CAF /* AppDelegate.swift */ = {isa = PBXFileReference; lastKnownFileType = sourcecode.swift; path = AppDelegate.swift; sourceTree = "<group>"; };
		EE52889B2915176800B41CAF /* SceneDelegate.swift */ = {isa = PBXFileReference; lastKnownFileType = sourcecode.swift; path = SceneDelegate.swift; sourceTree = "<group>"; };
		EE52889D2915176800B41CAF /* StartViewController.swift */ = {isa = PBXFileReference; lastKnownFileType = sourcecode.swift; path = StartViewController.swift; sourceTree = "<group>"; };
		EE5288A02915176800B41CAF /* Base */ = {isa = PBXFileReference; lastKnownFileType = file.storyboard; name = Base; path = Base.lproj/Main.storyboard; sourceTree = "<group>"; };
		EE5288A22915176D00B41CAF /* Assets.xcassets */ = {isa = PBXFileReference; lastKnownFileType = folder.assetcatalog; path = Assets.xcassets; sourceTree = "<group>"; };
		EE5288A52915176D00B41CAF /* Base */ = {isa = PBXFileReference; lastKnownFileType = file.storyboard; name = Base; path = Base.lproj/LaunchScreen.storyboard; sourceTree = "<group>"; };
		EE5288A72915176D00B41CAF /* Info.plist */ = {isa = PBXFileReference; lastKnownFileType = text.plist.xml; path = Info.plist; sourceTree = "<group>"; };
		EE5288AD29151C5300B41CAF /* GameScene.swift */ = {isa = PBXFileReference; lastKnownFileType = sourcecode.swift; path = GameScene.swift; sourceTree = "<group>"; };
		EE791648291DE8E60086DA8E /* BackgroundNode.swift */ = {isa = PBXFileReference; lastKnownFileType = sourcecode.swift; path = BackgroundNode.swift; sourceTree = "<group>"; };
		EE9F6BC9291B0D0700566F0C /* PlayerNode.swift */ = {isa = PBXFileReference; lastKnownFileType = sourcecode.swift; path = PlayerNode.swift; sourceTree = "<group>"; };
		EE9F6BCC291B265C00566F0C /* mainTheme.mp3 */ = {isa = PBXFileReference; lastKnownFileType = audio.mp3; name = mainTheme.mp3; path = ../../../../../Downloads/mainTheme.mp3; sourceTree = "<group>"; };
		EEC8D6C32915398800E588F3 /* GameViewController.swift */ = {isa = PBXFileReference; lastKnownFileType = sourcecode.swift; path = GameViewController.swift; sourceTree = "<group>"; };
/* End PBXFileReference section */

/* Begin PBXFrameworksBuildPhase section */
		EE5288932915176800B41CAF /* Frameworks */ = {
			isa = PBXFrameworksBuildPhase;
			buildActionMask = 2147483647;
			files = (
			);
			runOnlyForDeploymentPostprocessing = 0;
		};
/* End PBXFrameworksBuildPhase section */

/* Begin PBXGroup section */
		EE42BE6029185657003EF5A5 /* ViewControllers */ = {
			isa = PBXGroup;
			children = (
				EE52889D2915176800B41CAF /* StartViewController.swift */,
				EEC8D6C32915398800E588F3 /* GameViewController.swift */,
			);
			path = ViewControllers;
			sourceTree = "<group>";
		};
		EE42BE622918567E003EF5A5 /* Scenes */ = {
			isa = PBXGroup;
			children = (
				EE5288AD29151C5300B41CAF /* GameScene.swift */,
				EE336F25291FD4C9003DD138 /* Assets.xcassets */,
			);
			path = Scenes;
			sourceTree = "<group>";
		};
		EE42BE6329185698003EF5A5 /* Support */ = {
			isa = PBXGroup;
			children = (
				EE310FE2291C1E7C00013FAB /* PhysicsCategory.swift */,
				EE52889F2915176800B41CAF /* Main.storyboard */,
				EE5288A42915176D00B41CAF /* LaunchScreen.storyboard */,
			);
			path = Support;
			sourceTree = "<group>";
		};
		EE52888D2915176800B41CAF = {
			isa = PBXGroup;
			children = (
				EE5288982915176800B41CAF /* Game1 */,
				EE5288972915176800B41CAF /* Products */,
			);
			sourceTree = "<group>";
		};
		EE5288972915176800B41CAF /* Products */ = {
			isa = PBXGroup;
			children = (
				EE5288962915176800B41CAF /* Game1.app */,
			);
			name = Products;
			sourceTree = "<group>";
		};
		EE5288982915176800B41CAF /* Game1 */ = {
			isa = PBXGroup;
			children = (
				EE5288992915176800B41CAF /* AppDelegate.swift */,
				EE52889B2915176800B41CAF /* SceneDelegate.swift */,
				EE74E47B291E218000E3CA84 /* Nodes */,
				EE9F6BCB291B264700566F0C /* Sounds */,
				EE5288A22915176D00B41CAF /* Assets.xcassets */,
				EE5288A72915176D00B41CAF /* Info.plist */,
				EE42BE6329185698003EF5A5 /* Support */,
				EE42BE6029185657003EF5A5 /* ViewControllers */,
				EE42BE622918567E003EF5A5 /* Scenes */,
			);
			path = Game1;
			sourceTree = "<group>";
		};
		EE74E47B291E218000E3CA84 /* Nodes */ = {
			isa = PBXGroup;
			children = (
				EE9F6BC9291B0D0700566F0C /* PlayerNode.swift */,
				EE2FB13B291DB2A10021080D /* HunterNode.swift */,
				EE791648291DE8E60086DA8E /* BackgroundNode.swift */,
			);
			path = Nodes;
			sourceTree = "<group>";
		};
		EE9F6BCB291B264700566F0C /* Sounds */ = {
			isa = PBXGroup;
			children = (
				EE153BD92923BF380032F28F /* jump.mp3 */,
				EE9F6BCC291B265C00566F0C /* mainTheme.mp3 */,
				EE33A209291D897A005AEAE1 /* shurikenSwing.wav */,
			);
			path = Sounds;
			sourceTree = "<group>";
		};
/* End PBXGroup section */

/* Begin PBXNativeTarget section */
		EE5288952915176800B41CAF /* Game1 */ = {
			isa = PBXNativeTarget;
			buildConfigurationList = EE5288AA2915176D00B41CAF /* Build configuration list for PBXNativeTarget "Game1" */;
			buildPhases = (
				EE5288922915176800B41CAF /* Sources */,
				EE5288932915176800B41CAF /* Frameworks */,
				EE5288942915176800B41CAF /* Resources */,
			);
			buildRules = (
			);
			dependencies = (
			);
			name = Game1;
			productName = Game1;
			productReference = EE5288962915176800B41CAF /* Game1.app */;
			productType = "com.apple.product-type.application";
		};
/* End PBXNativeTarget section */

/* Begin PBXProject section */
		EE52888E2915176800B41CAF /* Project object */ = {
			isa = PBXProject;
			attributes = {
				BuildIndependentTargetsInParallel = 1;
				LastSwiftUpdateCheck = 1330;
				LastUpgradeCheck = 1330;
				TargetAttributes = {
					EE5288952915176800B41CAF = {
						CreatedOnToolsVersion = 13.3.1;
					};
				};
			};
			buildConfigurationList = EE5288912915176800B41CAF /* Build configuration list for PBXProject "Game1" */;
			compatibilityVersion = "Xcode 13.0";
			developmentRegion = en;
			hasScannedForEncodings = 0;
			knownRegions = (
				en,
				Base,
			);
			mainGroup = EE52888D2915176800B41CAF;
			productRefGroup = EE5288972915176800B41CAF /* Products */;
			projectDirPath = "";
			projectRoot = "";
			targets = (
				EE5288952915176800B41CAF /* Game1 */,
			);
		};
/* End PBXProject section */

/* Begin PBXResourcesBuildPhase section */
		EE5288942915176800B41CAF /* Resources */ = {
			isa = PBXResourcesBuildPhase;
			buildActionMask = 2147483647;
			files = (
				EE33A20A291D897A005AEAE1 /* shurikenSwing.wav in Resources */,
				EE5288A62915176D00B41CAF /* LaunchScreen.storyboard in Resources */,
				EE9F6BCD291B265C00566F0C /* mainTheme.mp3 in Resources */,
				EE336F27291FD4C9003DD138 /* Assets.xcassets in Resources */,
				EE153BDA2923BF380032F28F /* jump.mp3 in Resources */,
				EE5288A32915176D00B41CAF /* Assets.xcassets in Resources */,
				EE5288A12915176800B41CAF /* Main.storyboard in Resources */,
			);
			runOnlyForDeploymentPostprocessing = 0;
		};
/* End PBXResourcesBuildPhase section */

/* Begin PBXSourcesBuildPhase section */
		EE5288922915176800B41CAF /* Sources */ = {
			isa = PBXSourcesBuildPhase;
			buildActionMask = 2147483647;
			files = (
				EEC8D6C42915398800E588F3 /* GameViewController.swift in Sources */,
				EE52889E2915176800B41CAF /* StartViewController.swift in Sources */,
				EE52889A2915176800B41CAF /* AppDelegate.swift in Sources */,
				EE5288AE29151C5300B41CAF /* GameScene.swift in Sources */,
				EE9F6BCA291B0D0700566F0C /* PlayerNode.swift in Sources */,
				EE52889C2915176800B41CAF /* SceneDelegate.swift in Sources */,
				EE791649291DE8E60086DA8E /* BackgroundNode.swift in Sources */,
				EE2FB13C291DB2A10021080D /* HunterNode.swift in Sources */,
				EE310FE3291C1E7C00013FAB /* PhysicsCategory.swift in Sources */,
			);
			runOnlyForDeploymentPostprocessing = 0;
		};
/* End PBXSourcesBuildPhase section */

/* Begin PBXVariantGroup section */
		EE52889F2915176800B41CAF /* Main.storyboard */ = {
			isa = PBXVariantGroup;
			children = (
				EE5288A02915176800B41CAF /* Base */,
			);
			name = Main.storyboard;
			sourceTree = "<group>";
		};
		EE5288A42915176D00B41CAF /* LaunchScreen.storyboard */ = {
			isa = PBXVariantGroup;
			children = (
				EE5288A52915176D00B41CAF /* Base */,
			);
			name = LaunchScreen.storyboard;
			sourceTree = "<group>";
		};
/* End PBXVariantGroup section */

/* Begin XCBuildConfiguration section */
		EE5288A82915176D00B41CAF /* Debug */ = {
			isa = XCBuildConfiguration;
			buildSettings = {
				ALWAYS_SEARCH_USER_PATHS = NO;
				CLANG_ANALYZER_NONNULL = YES;
				CLANG_ANALYZER_NUMBER_OBJECT_CONVERSION = YES_AGGRESSIVE;
				CLANG_CXX_LANGUAGE_STANDARD = "gnu++17";
				CLANG_ENABLE_MODULES = YES;
				CLANG_ENABLE_OBJC_ARC = YES;
				CLANG_ENABLE_OBJC_WEAK = YES;
				CLANG_WARN_BLOCK_CAPTURE_AUTORELEASING = YES;
				CLANG_WARN_BOOL_CONVERSION = YES;
				CLANG_WARN_COMMA = YES;
				CLANG_WARN_CONSTANT_CONVERSION = YES;
				CLANG_WARN_DEPRECATED_OBJC_IMPLEMENTATIONS = YES;
				CLANG_WARN_DIRECT_OBJC_ISA_USAGE = YES_ERROR;
				CLANG_WARN_DOCUMENTATION_COMMENTS = YES;
				CLANG_WARN_EMPTY_BODY = YES;
				CLANG_WARN_ENUM_CONVERSION = YES;
				CLANG_WARN_INFINITE_RECURSION = YES;
				CLANG_WARN_INT_CONVERSION = YES;
				CLANG_WARN_NON_LITERAL_NULL_CONVERSION = YES;
				CLANG_WARN_OBJC_IMPLICIT_RETAIN_SELF = YES;
				CLANG_WARN_OBJC_LITERAL_CONVERSION = YES;
				CLANG_WARN_OBJC_ROOT_CLASS = YES_ERROR;
				CLANG_WARN_QUOTED_INCLUDE_IN_FRAMEWORK_HEADER = YES;
				CLANG_WARN_RANGE_LOOP_ANALYSIS = YES;
				CLANG_WARN_STRICT_PROTOTYPES = YES;
				CLANG_WARN_SUSPICIOUS_MOVE = YES;
				CLANG_WARN_UNGUARDED_AVAILABILITY = YES_AGGRESSIVE;
				CLANG_WARN_UNREACHABLE_CODE = YES;
				CLANG_WARN__DUPLICATE_METHOD_MATCH = YES;
				COPY_PHASE_STRIP = NO;
				DEBUG_INFORMATION_FORMAT = dwarf;
				ENABLE_STRICT_OBJC_MSGSEND = YES;
				ENABLE_TESTABILITY = YES;
				GCC_C_LANGUAGE_STANDARD = gnu11;
				GCC_DYNAMIC_NO_PIC = NO;
				GCC_NO_COMMON_BLOCKS = YES;
				GCC_OPTIMIZATION_LEVEL = 0;
				GCC_PREPROCESSOR_DEFINITIONS = (
					"DEBUG=1",
					"$(inherited)",
				);
				GCC_WARN_64_TO_32_BIT_CONVERSION = YES;
				GCC_WARN_ABOUT_RETURN_TYPE = YES_ERROR;
				GCC_WARN_UNDECLARED_SELECTOR = YES;
				GCC_WARN_UNINITIALIZED_AUTOS = YES_AGGRESSIVE;
				GCC_WARN_UNUSED_FUNCTION = YES;
				GCC_WARN_UNUSED_VARIABLE = YES;
				IPHONEOS_DEPLOYMENT_TARGET = 15.4;
				MTL_ENABLE_DEBUG_INFO = INCLUDE_SOURCE;
				MTL_FAST_MATH = YES;
				ONLY_ACTIVE_ARCH = YES;
				SDKROOT = iphoneos;
				SWIFT_ACTIVE_COMPILATION_CONDITIONS = DEBUG;
				SWIFT_OPTIMIZATION_LEVEL = "-Onone";
			};
			name = Debug;
		};
		EE5288A92915176D00B41CAF /* Release */ = {
			isa = XCBuildConfiguration;
			buildSettings = {
				ALWAYS_SEARCH_USER_PATHS = NO;
				CLANG_ANALYZER_NONNULL = YES;
				CLANG_ANALYZER_NUMBER_OBJECT_CONVERSION = YES_AGGRESSIVE;
				CLANG_CXX_LANGUAGE_STANDARD = "gnu++17";
				CLANG_ENABLE_MODULES = YES;
				CLANG_ENABLE_OBJC_ARC = YES;
				CLANG_ENABLE_OBJC_WEAK = YES;
				CLANG_WARN_BLOCK_CAPTURE_AUTORELEASING = YES;
				CLANG_WARN_BOOL_CONVERSION = YES;
				CLANG_WARN_COMMA = YES;
				CLANG_WARN_CONSTANT_CONVERSION = YES;
				CLANG_WARN_DEPRECATED_OBJC_IMPLEMENTATIONS = YES;
				CLANG_WARN_DIRECT_OBJC_ISA_USAGE = YES_ERROR;
				CLANG_WARN_DOCUMENTATION_COMMENTS = YES;
				CLANG_WARN_EMPTY_BODY = YES;
				CLANG_WARN_ENUM_CONVERSION = YES;
				CLANG_WARN_INFINITE_RECURSION = YES;
				CLANG_WARN_INT_CONVERSION = YES;
				CLANG_WARN_NON_LITERAL_NULL_CONVERSION = YES;
				CLANG_WARN_OBJC_IMPLICIT_RETAIN_SELF = YES;
				CLANG_WARN_OBJC_LITERAL_CONVERSION = YES;
				CLANG_WARN_OBJC_ROOT_CLASS = YES_ERROR;
				CLANG_WARN_QUOTED_INCLUDE_IN_FRAMEWORK_HEADER = YES;
				CLANG_WARN_RANGE_LOOP_ANALYSIS = YES;
				CLANG_WARN_STRICT_PROTOTYPES = YES;
				CLANG_WARN_SUSPICIOUS_MOVE = YES;
				CLANG_WARN_UNGUARDED_AVAILABILITY = YES_AGGRESSIVE;
				CLANG_WARN_UNREACHABLE_CODE = YES;
				CLANG_WARN__DUPLICATE_METHOD_MATCH = YES;
				COPY_PHASE_STRIP = NO;
				DEBUG_INFORMATION_FORMAT = "dwarf-with-dsym";
				ENABLE_NS_ASSERTIONS = NO;
				ENABLE_STRICT_OBJC_MSGSEND = YES;
				GCC_C_LANGUAGE_STANDARD = gnu11;
				GCC_NO_COMMON_BLOCKS = YES;
				GCC_WARN_64_TO_32_BIT_CONVERSION = YES;
				GCC_WARN_ABOUT_RETURN_TYPE = YES_ERROR;
				GCC_WARN_UNDECLARED_SELECTOR = YES;
				GCC_WARN_UNINITIALIZED_AUTOS = YES_AGGRESSIVE;
				GCC_WARN_UNUSED_FUNCTION = YES;
				GCC_WARN_UNUSED_VARIABLE = YES;
				IPHONEOS_DEPLOYMENT_TARGET = 15.4;
				MTL_ENABLE_DEBUG_INFO = NO;
				MTL_FAST_MATH = YES;
				SDKROOT = iphoneos;
				SWIFT_COMPILATION_MODE = wholemodule;
				SWIFT_OPTIMIZATION_LEVEL = "-O";
				VALIDATE_PRODUCT = YES;
			};
			name = Release;
		};
		EE5288AB2915176D00B41CAF /* Debug */ = {
			isa = XCBuildConfiguration;
			buildSettings = {
				ASSETCATALOG_COMPILER_APPICON_NAME = AppIcon;
				ASSETCATALOG_COMPILER_GLOBAL_ACCENT_COLOR_NAME = AccentColor;
				CODE_SIGN_STYLE = Automatic;
				CURRENT_PROJECT_VERSION = 1;
				DEVELOPMENT_TEAM = 83DGL53YN8;
				GENERATE_INFOPLIST_FILE = YES;
				INFOPLIST_FILE = Game1/Info.plist;
				INFOPLIST_KEY_UIApplicationSupportsIndirectInputEvents = YES;
				INFOPLIST_KEY_UILaunchStoryboardName = LaunchScreen;
				INFOPLIST_KEY_UIMainStoryboardFile = Main;
				INFOPLIST_KEY_UISupportedInterfaceOrientations = UIInterfaceOrientationLandscapeRight;
				INFOPLIST_KEY_UISupportedInterfaceOrientations_iPad = "UIInterfaceOrientationPortrait UIInterfaceOrientationPortraitUpsideDown UIInterfaceOrientationLandscapeLeft UIInterfaceOrientationLandscapeRight";
				INFOPLIST_KEY_UISupportedInterfaceOrientations_iPhone = UIInterfaceOrientationLandscapeRight;
				LD_RUNPATH_SEARCH_PATHS = (
					"$(inherited)",
					"@executable_path/Frameworks",
				);
				MARKETING_VERSION = 1.0;
				PRODUCT_BUNDLE_IDENTIFIER = brusik.Game1;
				PRODUCT_NAME = "$(TARGET_NAME)";
				SWIFT_EMIT_LOC_STRINGS = YES;
				SWIFT_VERSION = 5.0;
				TARGETED_DEVICE_FAMILY = 1;
			};
			name = Debug;
		};
		EE5288AC2915176D00B41CAF /* Release */ = {
			isa = XCBuildConfiguration;
			buildSettings = {
				ASSETCATALOG_COMPILER_APPICON_NAME = AppIcon;
				ASSETCATALOG_COMPILER_GLOBAL_ACCENT_COLOR_NAME = AccentColor;
				CODE_SIGN_STYLE = Automatic;
				CURRENT_PROJECT_VERSION = 1;
				DEVELOPMENT_TEAM = 83DGL53YN8;
				GENERATE_INFOPLIST_FILE = YES;
				INFOPLIST_FILE = Game1/Info.plist;
				INFOPLIST_KEY_UIApplicationSupportsIndirectInputEvents = YES;
				INFOPLIST_KEY_UILaunchStoryboardName = LaunchScreen;
				INFOPLIST_KEY_UIMainStoryboardFile = Main;
				INFOPLIST_KEY_UISupportedInterfaceOrientations = UIInterfaceOrientationLandscapeRight;
				INFOPLIST_KEY_UISupportedInterfaceOrientations_iPad = "UIInterfaceOrientationPortrait UIInterfaceOrientationPortraitUpsideDown UIInterfaceOrientationLandscapeLeft UIInterfaceOrientationLandscapeRight";
				INFOPLIST_KEY_UISupportedInterfaceOrientations_iPhone = UIInterfaceOrientationLandscapeRight;
				LD_RUNPATH_SEARCH_PATHS = (
					"$(inherited)",
					"@executable_path/Frameworks",
				);
				MARKETING_VERSION = 1.0;
				PRODUCT_BUNDLE_IDENTIFIER = brusik.Game1;
				PRODUCT_NAME = "$(TARGET_NAME)";
				SWIFT_EMIT_LOC_STRINGS = YES;
				SWIFT_VERSION = 5.0;
				TARGETED_DEVICE_FAMILY = 1;
			};
			name = Release;
		};
/* End XCBuildConfiguration section */

/* Begin XCConfigurationList section */
		EE5288912915176800B41CAF /* Build configuration list for PBXProject "Game1" */ = {
			isa = XCConfigurationList;
			buildConfigurations = (
				EE5288A82915176D00B41CAF /* Debug */,
				EE5288A92915176D00B41CAF /* Release */,
			);
			defaultConfigurationIsVisible = 0;
			defaultConfigurationName = Release;
		};
		EE5288AA2915176D00B41CAF /* Build configuration list for PBXNativeTarget "Game1" */ = {
			isa = XCConfigurationList;
			buildConfigurations = (
				EE5288AB2915176D00B41CAF /* Debug */,
				EE5288AC2915176D00B41CAF /* Release */,
			);
			defaultConfigurationIsVisible = 0;
			defaultConfigurationName = Release;
		};
/* End XCConfigurationList section */
	};
	rootObject = EE52888E2915176800B41CAF /* Project object */;
}
